
Microsoft Visual Studio Solution File, Format Version 12.00
# Visual Studio Version 17
VisualStudioVersion = 17.9.34310.174
MinimumVisualStudioVersion = 10.0.40219.1
Project("{FAE04EC0-301F-11D3-BF4B-00C04F79EFBC}") = "ChimerionStuffApi", "ChimerionStuffApi\ChimerionStuffApi.csproj", "{0EE2B645-67F7-44A1-AE28-A473D3101207}"
EndProject
Global
	GlobalSection(SolutionConfigurationPlatforms) = preSolution
		Debug|Any CPU = Debug|Any CPU
		Release|Any CPU = Release|Any CPU
	EndGlobalSection
	GlobalSection(ProjectConfigurationPlatforms) = postSolution
		{0EE2B645-67F7-44A1-AE28-A473D3101207}.Debug|Any CPU.ActiveCfg = Debug|Any CPU
		{0EE2B645-67F7-44A1-AE28-A473D3101207}.Debug|Any CPU.Build.0 = Debug|Any CPU
		{0EE2B645-67F7-44A1-AE28-A473D3101207}.Release|Any CPU.ActiveCfg = Release|Any CPU
		{0EE2B645-67F7-44A1-AE28-A473D3101207}.Release|Any CPU.Build.0 = Release|Any CPU
	EndGlobalSection
	GlobalSection(SolutionProperties) = preSolution
		HideSolutionNode = FALSE
	EndGlobalSection
	GlobalSection(ExtensibilityGlobals) = postSolution
		SolutionGuid = {FF5C970E-4B72-439B-978D-142D42F9DC6C}
	EndGlobalSection
EndGlobal
